
Microsoft Visual Studio Solution File, Format Version 12.00
# Visual Studio Version 16
VisualStudioVersion = 16.0.30907.101
MinimumVisualStudioVersion = 10.0.40219.1
Project("{2150E333-8FDC-42A3-9474-1A3956D46DE8}") = "src", "src", "{3836397D-2256-40FA-B30C-CFAE2E0B9A35}"
EndProject
Project("{2150E333-8FDC-42A3-9474-1A3956D46DE8}") = "test", "test", "{A38B4292-38DB-401D-872B-CD4332F2484A}"
EndProject
Project("{2150E333-8FDC-42A3-9474-1A3956D46DE8}") = "Core", "Core", "{9D5D2F1E-EF7E-48CB-9F44-23FF4322A41D}"
EndProject
Project("{2150E333-8FDC-42A3-9474-1A3956D46DE8}") = "API", "API", "{36F0780D-7B6B-4820-9E98-D340655303FA}"
EndProject
Project("{2150E333-8FDC-42A3-9474-1A3956D46DE8}") = "Infrastructure", "Infrastructure", "{921E5125-1993-4F5A-AEF3-DAC81D03C910}"
EndProject
Project("{2150E333-8FDC-42A3-9474-1A3956D46DE8}") = "UI", "UI", "{C82C268C-73C7-462D-8FEE-D13EBA35E97A}"
EndProject
Project("{9A19103F-16F7-4668-BE54-9A1E7A4F7556}") = "ADP.Solution.Infrastructure", "ADP.Solution.Infrastructure\ADP.Solution.Infrastructure.csproj", "{08E02106-79D8-44A8-A47E-A937E4485F76}"
EndProject
Project("{9A19103F-16F7-4668-BE54-9A1E7A4F7556}") = "ADP.Solution.Persistence", "ADP.Solution.Persistence\ADP.Solution.Persistence.csproj", "{6C7A94E5-77DA-4A18-8625-447FADA14210}"
EndProject
Project("{9A19103F-16F7-4668-BE54-9A1E7A4F7556}") = "ADP.Solution.Identity", "ADP.Solution.Identity\ADP.Solution.Identity.csproj", "{998938F4-0155-47CC-BDB3-C6C166AA1EC4}"
EndProject
Project("{9A19103F-16F7-4668-BE54-9A1E7A4F7556}") = "ADP.Solution.API", "ADP.Solution.API\ADP.Solution.API.csproj", "{4905EA4B-32BC-4D1B-8811-64A1D5955838}"
EndProject
Project("{9A19103F-16F7-4668-BE54-9A1E7A4F7556}") = "ADP.Solution.Domain", "ADP.Solution.Domain.EF\ADP.Solution.Domain.csproj", "{A84A7870-D052-4BC7-88FF-F2FD1E0B6C06}"
EndProject
Project("{9A19103F-16F7-4668-BE54-9A1E7A4F7556}") = "ADP.Solution.Application", "ADP.Solution.Application.EF\ADP.Solution.Application.csproj", "{FEEA1619-9025-4407-A792-F03BA1A0DC4E}"
EndProject
Global
	GlobalSection(SolutionConfigurationPlatforms) = preSolution
		Debug|Any CPU = Debug|Any CPU
		Release|Any CPU = Release|Any CPU
	EndGlobalSection
	GlobalSection(ProjectConfigurationPlatforms) = postSolution
		{08E02106-79D8-44A8-A47E-A937E4485F76}.Debug|Any CPU.ActiveCfg = Debug|Any CPU
		{08E02106-79D8-44A8-A47E-A937E4485F76}.Debug|Any CPU.Build.0 = Debug|Any CPU
		{08E02106-79D8-44A8-A47E-A937E4485F76}.Release|Any CPU.ActiveCfg = Release|Any CPU
		{08E02106-79D8-44A8-A47E-A937E4485F76}.Release|Any CPU.Build.0 = Release|Any CPU
		{6C7A94E5-77DA-4A18-8625-447FADA14210}.Debug|Any CPU.ActiveCfg = Debug|Any CPU
		{6C7A94E5-77DA-4A18-8625-447FADA14210}.Debug|Any CPU.Build.0 = Debug|Any CPU
		{6C7A94E5-77DA-4A18-8625-447FADA14210}.Release|Any CPU.ActiveCfg = Release|Any CPU
		{6C7A94E5-77DA-4A18-8625-447FADA14210}.Release|Any CPU.Build.0 = Release|Any CPU
		{998938F4-0155-47CC-BDB3-C6C166AA1EC4}.Debug|Any CPU.ActiveCfg = Debug|Any CPU
		{998938F4-0155-47CC-BDB3-C6C166AA1EC4}.Debug|Any CPU.Build.0 = Debug|Any CPU
		{998938F4-0155-47CC-BDB3-C6C166AA1EC4}.Release|Any CPU.ActiveCfg = Release|Any CPU
		{998938F4-0155-47CC-BDB3-C6C166AA1EC4}.Release|Any CPU.Build.0 = Release|Any CPU
		{4905EA4B-32BC-4D1B-8811-64A1D5955838}.Debug|Any CPU.ActiveCfg = Debug|Any CPU
		{4905EA4B-32BC-4D1B-8811-64A1D5955838}.Debug|Any CPU.Build.0 = Debug|Any CPU
		{4905EA4B-32BC-4D1B-8811-64A1D5955838}.Release|Any CPU.ActiveCfg = Release|Any CPU
		{4905EA4B-32BC-4D1B-8811-64A1D5955838}.Release|Any CPU.Build.0 = Release|Any CPU
		{A84A7870-D052-4BC7-88FF-F2FD1E0B6C06}.Debug|Any CPU.ActiveCfg = Debug|Any CPU
		{A84A7870-D052-4BC7-88FF-F2FD1E0B6C06}.Debug|Any CPU.Build.0 = Debug|Any CPU
		{A84A7870-D052-4BC7-88FF-F2FD1E0B6C06}.Release|Any CPU.ActiveCfg = Release|Any CPU
		{A84A7870-D052-4BC7-88FF-F2FD1E0B6C06}.Release|Any CPU.Build.0 = Release|Any CPU
		{FEEA1619-9025-4407-A792-F03BA1A0DC4E}.Debug|Any CPU.ActiveCfg = Debug|Any CPU
		{FEEA1619-9025-4407-A792-F03BA1A0DC4E}.Debug|Any CPU.Build.0 = Debug|Any CPU
		{FEEA1619-9025-4407-A792-F03BA1A0DC4E}.Release|Any CPU.ActiveCfg = Release|Any CPU
		{FEEA1619-9025-4407-A792-F03BA1A0DC4E}.Release|Any CPU.Build.0 = Release|Any CPU
	EndGlobalSection
	GlobalSection(SolutionProperties) = preSolution
		HideSolutionNode = FALSE
	EndGlobalSection
	GlobalSection(NestedProjects) = preSolution
		{9D5D2F1E-EF7E-48CB-9F44-23FF4322A41D} = {3836397D-2256-40FA-B30C-CFAE2E0B9A35}
		{36F0780D-7B6B-4820-9E98-D340655303FA} = {3836397D-2256-40FA-B30C-CFAE2E0B9A35}
		{921E5125-1993-4F5A-AEF3-DAC81D03C910} = {3836397D-2256-40FA-B30C-CFAE2E0B9A35}
		{C82C268C-73C7-462D-8FEE-D13EBA35E97A} = {3836397D-2256-40FA-B30C-CFAE2E0B9A35}
		{08E02106-79D8-44A8-A47E-A937E4485F76} = {921E5125-1993-4F5A-AEF3-DAC81D03C910}
		{6C7A94E5-77DA-4A18-8625-447FADA14210} = {921E5125-1993-4F5A-AEF3-DAC81D03C910}
		{998938F4-0155-47CC-BDB3-C6C166AA1EC4} = {921E5125-1993-4F5A-AEF3-DAC81D03C910}
		{4905EA4B-32BC-4D1B-8811-64A1D5955838} = {36F0780D-7B6B-4820-9E98-D340655303FA}
		{A84A7870-D052-4BC7-88FF-F2FD1E0B6C06} = {9D5D2F1E-EF7E-48CB-9F44-23FF4322A41D}
		{FEEA1619-9025-4407-A792-F03BA1A0DC4E} = {9D5D2F1E-EF7E-48CB-9F44-23FF4322A41D}
	EndGlobalSection
	GlobalSection(ExtensibilityGlobals) = postSolution
		SolutionGuid = {7402FC70-0DED-4C8A-9699-6F679FE654BC}
	EndGlobalSection
EndGlobal
